
Microsoft Visual Studio Solution File, Format Version 12.00
# Visual Studio 2012
VisualStudioVersion = 12.0.30501.0
MinimumVisualStudioVersion = 10.0.40219.1
Project("{FAE04EC0-301F-11D3-BF4B-00C04F79EFBC}") = "SourceEngine.Demo.Parser", "src\SourceEngine.Demo.Parser\SourceEngine.Demo.Parser.csproj", "{6A8AAD2B-1517-4455-A68E-69C7CE2535A7}"
EndProject
Project("{FAE04EC0-301F-11D3-BF4B-00C04F79EFBC}") = "SourceEngine.Demo.Parser.Tests", "tests\SourceEngine.Demo.Parser.Tests\SourceEngine.Demo.Parser.Tests.csproj", "{19685EEE-FE95-44D3-BF91-F106A75A8779}"
EndProject
Global
	GlobalSection(SolutionConfigurationPlatforms) = preSolution
		Debug|Any CPU = Debug|Any CPU
		Release|Any CPU = Release|Any CPU
		Bitstream-Debugging|Any CPU = Bitstream-Debugging|Any CPU
		SavePropValues|Any CPU = SavePropValues|Any CPU
	EndGlobalSection
	GlobalSection(ProjectConfigurationPlatforms) = postSolution
		{6A8AAD2B-1517-4455-A68E-69C7CE2535A7}.Release|Any CPU.ActiveCfg = Release|Any CPU
		{6A8AAD2B-1517-4455-A68E-69C7CE2535A7}.Release|Any CPU.Build.0 = Release|Any CPU
		{6A8AAD2B-1517-4455-A68E-69C7CE2535A7}.Bitstream-Debugging|Any CPU.ActiveCfg = Bitstream-Debugging|Any CPU
		{6A8AAD2B-1517-4455-A68E-69C7CE2535A7}.Bitstream-Debugging|Any CPU.Build.0 = Bitstream-Debugging|Any CPU
		{6A8AAD2B-1517-4455-A68E-69C7CE2535A7}.Debug|Any CPU.ActiveCfg = Debug|Any CPU
		{6A8AAD2B-1517-4455-A68E-69C7CE2535A7}.Debug|Any CPU.Build.0 = Debug|Any CPU
		{6A8AAD2B-1517-4455-A68E-69C7CE2535A7}.SavePropValues|Any CPU.ActiveCfg = SavePropValues|Any CPU
		{6A8AAD2B-1517-4455-A68E-69C7CE2535A7}.SavePropValues|Any CPU.Build.0 = SavePropValues|Any CPU
		{19685EEE-FE95-44D3-BF91-F106A75A8779}.Debug|Any CPU.ActiveCfg = Debug|Any CPU
		{19685EEE-FE95-44D3-BF91-F106A75A8779}.Debug|Any CPU.Build.0 = Debug|Any CPU
		{19685EEE-FE95-44D3-BF91-F106A75A8779}.Release|Any CPU.ActiveCfg = Release|Any CPU
		{19685EEE-FE95-44D3-BF91-F106A75A8779}.Release|Any CPU.Build.0 = Release|Any CPU
		{19685EEE-FE95-44D3-BF91-F106A75A8779}.Bitstream-Debugging|Any CPU.ActiveCfg = Debug|Any CPU
		{19685EEE-FE95-44D3-BF91-F106A75A8779}.Bitstream-Debugging|Any CPU.Build.0 = Debug|Any CPU
		{19685EEE-FE95-44D3-BF91-F106A75A8779}.SavePropValues|Any CPU.ActiveCfg = Debug|Any CPU
		{19685EEE-FE95-44D3-BF91-F106A75A8779}.SavePropValues|Any CPU.Build.0 = Debug|Any CPU
	EndGlobalSection
	GlobalSection(SolutionProperties) = preSolution
		HideSolutionNode = FALSE
	EndGlobalSection
EndGlobal
