Microsoft Visual Studio Solution File, Format Version 12.00
# Visual Studio Version 16
VisualStudioVersion = 16.0.28803.352
MinimumVisualStudioVersion = 10.0.40219.1
Project("{9A19103F-16F7-4668-BE54-9A1E7A4F7556}") = "SourceEngine.Demo.Parser", "src\SourceEngine.Demo.Parser\SourceEngine.Demo.Parser.csproj", "{6A8AAD2B-1517-4455-A68E-69C7CE2535A7}"
EndProject
Project("{9A19103F-16F7-4668-BE54-9A1E7A4F7556}") = "SourceEngine.Demo.Stats", "src\SourceEngine.Demo.Stats\SourceEngine.Demo.Stats.csproj", "{10BBC6A5-335B-46EB-8F1F-4B648533D41E}"
EndProject
Project("{9A19103F-16F7-4668-BE54-9A1E7A4F7556}") = "SourceEngine.Demo.Stats.App", "src\SourceEngine.Demo.Stats.App\SourceEngine.Demo.Stats.App.csproj", "{EC684D65-2C2E-43DF-A8A6-1EAD03FB5F11}"
EndProject
Project("{9A19103F-16F7-4668-BE54-9A1E7A4F7556}") = "SourceEngine.Demo.Parser.Tests", "tests\SourceEngine.Demo.Parser.Tests\SourceEngine.Demo.Parser.Tests.csproj", "{19685EEE-FE95-44D3-BF91-F106A75A8779}"
EndProject
Project("{9A19103F-16F7-4668-BE54-9A1E7A4F7556}") = "SourceEngine.Demo.Stats.Tests", "tests\SourceEngine.Demo.Stats.Tests\SourceEngine.Demo.Stats.Tests.csproj", "{000571C6-8000-4D00-ACD1-E6197B279CB2}"
EndProject
Project("{2150E333-8FDC-42A3-9474-1A3956D46DE8}") = "Solution Items", "Solution Items", "{F99D5706-FC77-4C83-9806-B0FE28D3976A}"
	ProjectSection(SolutionItems) = preProject
		.gitattributes = .gitattributes
		.gitignore = .gitignore
		CONTRIBUTING.md = CONTRIBUTING.md
		Directory.Build.props = Directory.Build.props
		LICENSE.txt = LICENSE.txt
		NuGet.config = NuGet.config
		README.md = README.md
	EndProjectSection
EndProject
Project("{2150E333-8FDC-42A3-9474-1A3956D46DE8}") = "ci", "ci", "{7DC9398B-B4EB-4D1C-8645-D74A2AC5D09D}"
EndProject
Project("{2150E333-8FDC-42A3-9474-1A3956D46DE8}") = "src", "src", "{C852A71E-BBF3-4D71-8B11-D244C1751EF3}"
	ProjectSection(SolutionItems) = preProject
		src\Directory.Build.props = src\Directory.Build.props
	EndProjectSection
EndProject
Project("{2150E333-8FDC-42A3-9474-1A3956D46DE8}") = "tests", "tests", "{DE87757F-4689-42C7-9DF5-ED954450BAA6}"
	ProjectSection(SolutionItems) = preProject
		tests\Directory.Build.props = tests\Directory.Build.props
	EndProjectSection
EndProject
Global
	GlobalSection(SolutionConfigurationPlatforms) = preSolution
		Bitstream-Debugging|Any CPU = Bitstream-Debugging|Any CPU
		Debug|Any CPU = Debug|Any CPU
		Release|Any CPU = Release|Any CPU
		SavePropValues|Any CPU = SavePropValues|Any CPU
		YoloDebug|Any CPU = YoloDebug|Any CPU
	EndGlobalSection
	GlobalSection(ProjectConfigurationPlatforms) = postSolution
		{6A8AAD2B-1517-4455-A68E-69C7CE2535A7}.Bitstream-Debugging|Any CPU.ActiveCfg = Bitstream-Debugging|Any CPU
		{6A8AAD2B-1517-4455-A68E-69C7CE2535A7}.Bitstream-Debugging|Any CPU.Build.0 = Bitstream-Debugging|Any CPU
		{6A8AAD2B-1517-4455-A68E-69C7CE2535A7}.Debug|Any CPU.ActiveCfg = Debug|Any CPU
		{6A8AAD2B-1517-4455-A68E-69C7CE2535A7}.Debug|Any CPU.Build.0 = Debug|Any CPU
		{6A8AAD2B-1517-4455-A68E-69C7CE2535A7}.Release|Any CPU.ActiveCfg = Release|Any CPU
		{6A8AAD2B-1517-4455-A68E-69C7CE2535A7}.Release|Any CPU.Build.0 = Release|Any CPU
		{6A8AAD2B-1517-4455-A68E-69C7CE2535A7}.SavePropValues|Any CPU.ActiveCfg = SavePropValues|Any CPU
		{6A8AAD2B-1517-4455-A68E-69C7CE2535A7}.SavePropValues|Any CPU.Build.0 = SavePropValues|Any CPU
		{6A8AAD2B-1517-4455-A68E-69C7CE2535A7}.YoloDebug|Any CPU.ActiveCfg = YoloDebug|Any CPU
		{6A8AAD2B-1517-4455-A68E-69C7CE2535A7}.YoloDebug|Any CPU.Build.0 = YoloDebug|Any CPU
		{10BBC6A5-335B-46EB-8F1F-4B648533D41E}.Bitstream-Debugging|Any CPU.ActiveCfg = Debug|Any CPU
		{10BBC6A5-335B-46EB-8F1F-4B648533D41E}.Bitstream-Debugging|Any CPU.Build.0 = Debug|Any CPU
		{10BBC6A5-335B-46EB-8F1F-4B648533D41E}.Debug|Any CPU.ActiveCfg = Debug|Any CPU
		{10BBC6A5-335B-46EB-8F1F-4B648533D41E}.Debug|Any CPU.Build.0 = Debug|Any CPU
		{10BBC6A5-335B-46EB-8F1F-4B648533D41E}.Release|Any CPU.ActiveCfg = Release|Any CPU
		{10BBC6A5-335B-46EB-8F1F-4B648533D41E}.Release|Any CPU.Build.0 = Release|Any CPU
		{10BBC6A5-335B-46EB-8F1F-4B648533D41E}.SavePropValues|Any CPU.ActiveCfg = Release|Any CPU
		{10BBC6A5-335B-46EB-8F1F-4B648533D41E}.SavePropValues|Any CPU.Build.0 = Release|Any CPU
		{10BBC6A5-335B-46EB-8F1F-4B648533D41E}.YoloDebug|Any CPU.ActiveCfg = Debug|Any CPU
		{10BBC6A5-335B-46EB-8F1F-4B648533D41E}.YoloDebug|Any CPU.Build.0 = Debug|Any CPU
		{EC684D65-2C2E-43DF-A8A6-1EAD03FB5F11}.Bitstream-Debugging|Any CPU.ActiveCfg = Debug|Any CPU
		{EC684D65-2C2E-43DF-A8A6-1EAD03FB5F11}.Bitstream-Debugging|Any CPU.Build.0 = Debug|Any CPU
		{EC684D65-2C2E-43DF-A8A6-1EAD03FB5F11}.Debug|Any CPU.ActiveCfg = Debug|Any CPU
		{EC684D65-2C2E-43DF-A8A6-1EAD03FB5F11}.Debug|Any CPU.Build.0 = Debug|Any CPU
		{EC684D65-2C2E-43DF-A8A6-1EAD03FB5F11}.Release|Any CPU.ActiveCfg = Release|Any CPU
		{EC684D65-2C2E-43DF-A8A6-1EAD03FB5F11}.Release|Any CPU.Build.0 = Release|Any CPU
		{EC684D65-2C2E-43DF-A8A6-1EAD03FB5F11}.SavePropValues|Any CPU.ActiveCfg = Release|Any CPU
		{EC684D65-2C2E-43DF-A8A6-1EAD03FB5F11}.SavePropValues|Any CPU.Build.0 = Release|Any CPU
		{EC684D65-2C2E-43DF-A8A6-1EAD03FB5F11}.YoloDebug|Any CPU.ActiveCfg = Debug|Any CPU
		{EC684D65-2C2E-43DF-A8A6-1EAD03FB5F11}.YoloDebug|Any CPU.Build.0 = Debug|Any CPU
		{19685EEE-FE95-44D3-BF91-F106A75A8779}.Bitstream-Debugging|Any CPU.ActiveCfg = Debug|Any CPU
		{19685EEE-FE95-44D3-BF91-F106A75A8779}.Bitstream-Debugging|Any CPU.Build.0 = Debug|Any CPU
		{19685EEE-FE95-44D3-BF91-F106A75A8779}.Debug|Any CPU.ActiveCfg = Debug|Any CPU
		{19685EEE-FE95-44D3-BF91-F106A75A8779}.Debug|Any CPU.Build.0 = Debug|Any CPU
		{19685EEE-FE95-44D3-BF91-F106A75A8779}.Release|Any CPU.ActiveCfg = Release|Any CPU
		{19685EEE-FE95-44D3-BF91-F106A75A8779}.Release|Any CPU.Build.0 = Release|Any CPU
		{19685EEE-FE95-44D3-BF91-F106A75A8779}.SavePropValues|Any CPU.ActiveCfg = Debug|Any CPU
		{19685EEE-FE95-44D3-BF91-F106A75A8779}.SavePropValues|Any CPU.Build.0 = Debug|Any CPU
		{19685EEE-FE95-44D3-BF91-F106A75A8779}.YoloDebug|Any CPU.ActiveCfg = Debug|Any CPU
		{19685EEE-FE95-44D3-BF91-F106A75A8779}.YoloDebug|Any CPU.Build.0 = Debug|Any CPU
		{000571C6-8000-4D00-ACD1-E6197B279CB2}.Bitstream-Debugging|Any CPU.ActiveCfg = Debug|Any CPU
		{000571C6-8000-4D00-ACD1-E6197B279CB2}.Bitstream-Debugging|Any CPU.Build.0 = Debug|Any CPU
		{000571C6-8000-4D00-ACD1-E6197B279CB2}.Debug|Any CPU.ActiveCfg = Debug|Any CPU
		{000571C6-8000-4D00-ACD1-E6197B279CB2}.Debug|Any CPU.Build.0 = Debug|Any CPU
		{000571C6-8000-4D00-ACD1-E6197B279CB2}.Release|Any CPU.ActiveCfg = Release|Any CPU
		{000571C6-8000-4D00-ACD1-E6197B279CB2}.Release|Any CPU.Build.0 = Release|Any CPU
		{000571C6-8000-4D00-ACD1-E6197B279CB2}.SavePropValues|Any CPU.ActiveCfg = Release|Any CPU
		{000571C6-8000-4D00-ACD1-E6197B279CB2}.SavePropValues|Any CPU.Build.0 = Release|Any CPU
		{000571C6-8000-4D00-ACD1-E6197B279CB2}.YoloDebug|Any CPU.ActiveCfg = Debug|Any CPU
		{000571C6-8000-4D00-ACD1-E6197B279CB2}.YoloDebug|Any CPU.Build.0 = Debug|Any CPU
	EndGlobalSection
	GlobalSection(SolutionProperties) = preSolution
		HideSolutionNode = FALSE
	EndGlobalSection
	GlobalSection(NestedProjects) = preSolution
		{6A8AAD2B-1517-4455-A68E-69C7CE2535A7} = {C852A71E-BBF3-4D71-8B11-D244C1751EF3}
		{10BBC6A5-335B-46EB-8F1F-4B648533D41E} = {C852A71E-BBF3-4D71-8B11-D244C1751EF3}
		{EC684D65-2C2E-43DF-A8A6-1EAD03FB5F11} = {C852A71E-BBF3-4D71-8B11-D244C1751EF3}
		{19685EEE-FE95-44D3-BF91-F106A75A8779} = {DE87757F-4689-42C7-9DF5-ED954450BAA6}
		{000571C6-8000-4D00-ACD1-E6197B279CB2} = {DE87757F-4689-42C7-9DF5-ED954450BAA6}
	EndGlobalSection
	GlobalSection(ExtensibilityGlobals) = postSolution
		SolutionGuid = {A3951F78-293A-4698-8CE8-711CF7E21C2A}
	EndGlobalSection
EndGlobal
