
Microsoft Visual Studio Solution File, Format Version 12.00
# Visual Studio Version 16
VisualStudioVersion = 16.0.28803.352
MinimumVisualStudioVersion = 10.0.40219.1
Project("{FAE04EC0-301F-11D3-BF4B-00C04F79EFBC}") = "SourceEngine.Demo.Stats", "src\SourceEngine.Demo.Stats\SourceEngine.Demo.Stats.csproj", "{10BBC6A5-335B-46EB-8F1F-4B648533D41E}"
EndProject
Project("{FAE04EC0-301F-11D3-BF4B-00C04F79EFBC}") = "SourceEngine.Demo.Stats.App", "src\SourceEngine.Demo.Stats.App\SourceEngine.Demo.Stats.App.csproj", "{EC684D65-2C2E-43DF-A8A6-1EAD03FB5F11}"
EndProject
Project("{9A19103F-16F7-4668-BE54-9A1E7A4F7556}") = "SourceEngine.Demo.Stats.Tests", "tests\SourceEngine.Demo.Stats.Tests\SourceEngine.Demo.Stats.Tests.csproj", "{000571C6-8000-4D00-ACD1-E6197B279CB2}"
EndProject
Project("{2150E333-8FDC-42A3-9474-1A3956D46DE8}") = "Solution Items", "Solution Items", "{F99D5706-FC77-4C83-9806-B0FE28D3976A}"
	ProjectSection(SolutionItems) = preProject
		.gitignore = .gitignore
		README.md = README.md
		NuGet.config = NuGet.config
		LICENSE.txt = LICENSE.txt
		Directory.Build.props = Directory.Build.props
	EndProjectSection
EndProject
Project("{2150E333-8FDC-42A3-9474-1A3956D46DE8}") = "src", "src", "{C852A71E-BBF3-4D71-8B11-D244C1751EF3}"
EndProject
Global
	GlobalSection(SolutionConfigurationPlatforms) = preSolution
		Debug|Any CPU = Debug|Any CPU
		Release|Any CPU = Release|Any CPU
	EndGlobalSection
	GlobalSection(ProjectConfigurationPlatforms) = postSolution
		{10BBC6A5-335B-46EB-8F1F-4B648533D41E}.Debug|Any CPU.ActiveCfg = Debug|Any CPU
		{10BBC6A5-335B-46EB-8F1F-4B648533D41E}.Debug|Any CPU.Build.0 = Debug|Any CPU
		{10BBC6A5-335B-46EB-8F1F-4B648533D41E}.Release|Any CPU.ActiveCfg = Release|Any CPU
		{10BBC6A5-335B-46EB-8F1F-4B648533D41E}.Release|Any CPU.Build.0 = Release|Any CPU
		{EC684D65-2C2E-43DF-A8A6-1EAD03FB5F11}.Debug|Any CPU.ActiveCfg = Debug|Any CPU
		{EC684D65-2C2E-43DF-A8A6-1EAD03FB5F11}.Debug|Any CPU.Build.0 = Debug|Any CPU
		{EC684D65-2C2E-43DF-A8A6-1EAD03FB5F11}.Release|Any CPU.ActiveCfg = Release|Any CPU
		{EC684D65-2C2E-43DF-A8A6-1EAD03FB5F11}.Release|Any CPU.Build.0 = Release|Any CPU
		{000571C6-8000-4D00-ACD1-E6197B279CB2}.Debug|Any CPU.ActiveCfg = Debug|Any CPU
		{000571C6-8000-4D00-ACD1-E6197B279CB2}.Debug|Any CPU.Build.0 = Debug|Any CPU
		{000571C6-8000-4D00-ACD1-E6197B279CB2}.Release|Any CPU.ActiveCfg = Release|Any CPU
		{000571C6-8000-4D00-ACD1-E6197B279CB2}.Release|Any CPU.Build.0 = Release|Any CPU
	EndGlobalSection
	GlobalSection(SolutionProperties) = preSolution
		HideSolutionNode = FALSE
	EndGlobalSection
	GlobalSection(ExtensibilityGlobals) = postSolution
		SolutionGuid = {A3951F78-293A-4698-8CE8-711CF7E21C2A}
	EndGlobalSection
	GlobalSection(NestedProjects) = preSolution
		{10BBC6A5-335B-46EB-8F1F-4B648533D41E} = {C852A71E-BBF3-4D71-8B11-D244C1751EF3}
		{EC684D65-2C2E-43DF-A8A6-1EAD03FB5F11} = {C852A71E-BBF3-4D71-8B11-D244C1751EF3}
	EndGlobalSection
EndGlobal
