{
  "version": 1,
  "dependencies": {
    ".NETCoreApp,Version=v5.0": {
      "CommandLineParser": {
        "type": "Direct",
        "requested": "[2.8.0, )",
        "resolved": "2.8.0",
        "contentHash": "eco2HlKQBY4Joz9odHigzGpVzv6pjsXnY5lziioMveQxr+i2Z7xYcIOMeZTgYiqnMtMAbXMXsVhrNfWO5vJS8Q=="
      },
      "Newtonsoft.Json": {
        "type": "Transitive",
        "resolved": "12.0.3",
        "contentHash": "6mgjfnRB4jKMlzHSl+VD+oUc1IebOZabkbyWj2RiTgWwYPPuaK1H97G1sHqGwPlS5npiF5Q0OrxN1wni2n5QWg=="
      },
      "sourceengine.demo.parser": {
        "type": "Project"
      },
      "sourceengine.demo.stats": {
        "type": "Project",
        "dependencies": {
          "Newtonsoft.Json": "12.0.3",
          "SourceEngine.Demo.Parser": "2.5.2"
        }
      }
    },
    ".NETCoreApp,Version=v5.0/win-x64": {}
  }
}